// !$*UTF8*$!
{
	archiveVersion = 1;
	classes = {
	};
	objectVersion = 56;
	objects = {

/* Begin PBXBuildFile section */
		3AC97D5129B92B2F004E56F2 /* AppDelegate.swift in Sources */ = {isa = PBXBuildFile; fileRef = 3AC97D5029B92B2F004E56F2 /* AppDelegate.swift */; };
		3AC97D5329B92B2F004E56F2 /* SceneDelegate.swift in Sources */ = {isa = PBXBuildFile; fileRef = 3AC97D5229B92B2F004E56F2 /* SceneDelegate.swift */; };
		3AC97D5529B92B2F004E56F2 /* ViewController.swift in Sources */ = {isa = PBXBuildFile; fileRef = 3AC97D5429B92B2F004E56F2 /* ViewController.swift */; };
		3AC97D5829B92B2F004E56F2 /* Main.storyboard in Resources */ = {isa = PBXBuildFile; fileRef = 3AC97D5629B92B2F004E56F2 /* Main.storyboard */; };
		3AC97D5A29B92B30004E56F2 /* Assets.xcassets in Resources */ = {isa = PBXBuildFile; fileRef = 3AC97D5929B92B30004E56F2 /* Assets.xcassets */; };
		3AC97D5D29B92B30004E56F2 /* LaunchScreen.storyboard in Resources */ = {isa = PBXBuildFile; fileRef = 3AC97D5B29B92B30004E56F2 /* LaunchScreen.storyboard */; };
		3AC97D6829B92B30004E56F2 /* Olympic_GamesTests.swift in Sources */ = {isa = PBXBuildFile; fileRef = 3AC97D6729B92B30004E56F2 /* Olympic_GamesTests.swift */; };
		3AC97D7229B92B30004E56F2 /* Olympic_GamesUITests.swift in Sources */ = {isa = PBXBuildFile; fileRef = 3AC97D7129B92B30004E56F2 /* Olympic_GamesUITests.swift */; };
		3AC97D7429B92B30004E56F2 /* Olympic_GamesUITestsLaunchTests.swift in Sources */ = {isa = PBXBuildFile; fileRef = 3AC97D7329B92B30004E56F2 /* Olympic_GamesUITestsLaunchTests.swift */; };
/* End PBXBuildFile section */

/* Begin PBXContainerItemProxy section */
		3AC97D6429B92B30004E56F2 /* PBXContainerItemProxy */ = {
			isa = PBXContainerItemProxy;
			containerPortal = 3AC97D4529B92B2F004E56F2 /* Project object */;
			proxyType = 1;
			remoteGlobalIDString = 3AC97D4C29B92B2F004E56F2;
			remoteInfo = "Olympic Games";
		};
		3AC97D6E29B92B30004E56F2 /* PBXContainerItemProxy */ = {
			isa = PBXContainerItemProxy;
			containerPortal = 3AC97D4529B92B2F004E56F2 /* Project object */;
			proxyType = 1;
			remoteGlobalIDString = 3AC97D4C29B92B2F004E56F2;
			remoteInfo = "Olympic Games";
		};
/* End PBXContainerItemProxy section */

/* Begin PBXFileReference section */
		3AC97D4D29B92B2F004E56F2 /* Olympic Games.app */ = {isa = PBXFileReference; explicitFileType = wrapper.application; includeInIndex = 0; path = "Olympic Games.app"; sourceTree = BUILT_PRODUCTS_DIR; };
		3AC97D5029B92B2F004E56F2 /* AppDelegate.swift */ = {isa = PBXFileReference; lastKnownFileType = sourcecode.swift; path = AppDelegate.swift; sourceTree = "<group>"; };
		3AC97D5229B92B2F004E56F2 /* SceneDelegate.swift */ = {isa = PBXFileReference; lastKnownFileType = sourcecode.swift; path = SceneDelegate.swift; sourceTree = "<group>"; };
		3AC97D5429B92B2F004E56F2 /* ViewController.swift */ = {isa = PBXFileReference; lastKnownFileType = sourcecode.swift; path = ViewController.swift; sourceTree = "<group>"; };
		3AC97D5729B92B2F004E56F2 /* Base */ = {isa = PBXFileReference; lastKnownFileType = file.storyboard; name = Base; path = Base.lproj/Main.storyboard; sourceTree = "<group>"; };
		3AC97D5929B92B30004E56F2 /* Assets.xcassets */ = {isa = PBXFileReference; lastKnownFileType = folder.assetcatalog; path = Assets.xcassets; sourceTree = "<group>"; };
		3AC97D5C29B92B30004E56F2 /* Base */ = {isa = PBXFileReference; lastKnownFileType = file.storyboard; name = Base; path = Base.lproj/LaunchScreen.storyboard; sourceTree = "<group>"; };
		3AC97D5E29B92B30004E56F2 /* Info.plist */ = {isa = PBXFileReference; lastKnownFileType = text.plist.xml; path = Info.plist; sourceTree = "<group>"; };
		3AC97D6329B92B30004E56F2 /* Olympic GamesTests.xctest */ = {isa = PBXFileReference; explicitFileType = wrapper.cfbundle; includeInIndex = 0; path = "Olympic GamesTests.xctest"; sourceTree = BUILT_PRODUCTS_DIR; };
		3AC97D6729B92B30004E56F2 /* Olympic_GamesTests.swift */ = {isa = PBXFileReference; lastKnownFileType = sourcecode.swift; path = Olympic_GamesTests.swift; sourceTree = "<group>"; };
		3AC97D6D29B92B30004E56F2 /* Olympic GamesUITests.xctest */ = {isa = PBXFileReference; explicitFileType = wrapper.cfbundle; includeInIndex = 0; path = "Olympic GamesUITests.xctest"; sourceTree = BUILT_PRODUCTS_DIR; };
		3AC97D7129B92B30004E56F2 /* Olympic_GamesUITests.swift */ = {isa = PBXFileReference; lastKnownFileType = sourcecode.swift; path = Olympic_GamesUITests.swift; sourceTree = "<group>"; };
		3AC97D7329B92B30004E56F2 /* Olympic_GamesUITestsLaunchTests.swift */ = {isa = PBXFileReference; lastKnownFileType = sourcecode.swift; path = Olympic_GamesUITestsLaunchTests.swift; sourceTree = "<group>"; };
/* End PBXFileReference section */

/* Begin PBXFrameworksBuildPhase section */
		3AC97D4A29B92B2F004E56F2 /* Frameworks */ = {
			isa = PBXFrameworksBuildPhase;
			buildActionMask = 2147483647;
			files = (
			);
			runOnlyForDeploymentPostprocessing = 0;
		};
		3AC97D6029B92B30004E56F2 /* Frameworks */ = {
			isa = PBXFrameworksBuildPhase;
			buildActionMask = 2147483647;
			files = (
			);
			runOnlyForDeploymentPostprocessing = 0;
		};
		3AC97D6A29B92B30004E56F2 /* Frameworks */ = {
			isa = PBXFrameworksBuildPhase;
			buildActionMask = 2147483647;
			files = (
			);
			runOnlyForDeploymentPostprocessing = 0;
		};
/* End PBXFrameworksBuildPhase section */

/* Begin PBXGroup section */
		3AC97D4429B92B2F004E56F2 = {
			isa = PBXGroup;
			children = (
				3AC97D4F29B92B2F004E56F2 /* Olympic Games */,
				3AC97D6629B92B30004E56F2 /* Olympic GamesTests */,
				3AC97D7029B92B30004E56F2 /* Olympic GamesUITests */,
				3AC97D4E29B92B2F004E56F2 /* Products */,
			);
			sourceTree = "<group>";
		};
		3AC97D4E29B92B2F004E56F2 /* Products */ = {
			isa = PBXGroup;
			children = (
				3AC97D4D29B92B2F004E56F2 /* Olympic Games.app */,
				3AC97D6329B92B30004E56F2 /* Olympic GamesTests.xctest */,
				3AC97D6D29B92B30004E56F2 /* Olympic GamesUITests.xctest */,
			);
			name = Products;
			sourceTree = "<group>";
		};
		3AC97D4F29B92B2F004E56F2 /* Olympic Games */ = {
			isa = PBXGroup;
			children = (
				3AC97D5029B92B2F004E56F2 /* AppDelegate.swift */,
				3AC97D5229B92B2F004E56F2 /* SceneDelegate.swift */,
				3AC97D5429B92B2F004E56F2 /* ViewController.swift */,
				3AC97D5629B92B2F004E56F2 /* Main.storyboard */,
				3AC97D5929B92B30004E56F2 /* Assets.xcassets */,
				3AC97D5B29B92B30004E56F2 /* LaunchScreen.storyboard */,
				3AC97D5E29B92B30004E56F2 /* Info.plist */,
			);
			path = "Olympic Games";
			sourceTree = "<group>";
		};
		3AC97D6629B92B30004E56F2 /* Olympic GamesTests */ = {
			isa = PBXGroup;
			children = (
				3AC97D6729B92B30004E56F2 /* Olympic_GamesTests.swift */,
			);
			path = "Olympic GamesTests";
			sourceTree = "<group>";
		};
		3AC97D7029B92B30004E56F2 /* Olympic GamesUITests */ = {
			isa = PBXGroup;
			children = (
				3AC97D7129B92B30004E56F2 /* Olympic_GamesUITests.swift */,
				3AC97D7329B92B30004E56F2 /* Olympic_GamesUITestsLaunchTests.swift */,
			);
			path = "Olympic GamesUITests";
			sourceTree = "<group>";
		};
/* End PBXGroup section */

/* Begin PBXNativeTarget section */
		3AC97D4C29B92B2F004E56F2 /* Olympic Games */ = {
			isa = PBXNativeTarget;
			buildConfigurationList = 3AC97D7729B92B30004E56F2 /* Build configuration list for PBXNativeTarget "Olympic Games" */;
			buildPhases = (
				3AC97D4929B92B2F004E56F2 /* Sources */,
				3AC97D4A29B92B2F004E56F2 /* Frameworks */,
				3AC97D4B29B92B2F004E56F2 /* Resources */,
			);
			buildRules = (
			);
			dependencies = (
			);
			name = "Olympic Games";
			productName = "Olympic Games";
			productReference = 3AC97D4D29B92B2F004E56F2 /* Olympic Games.app */;
			productType = "com.apple.product-type.application";
		};
		3AC97D6229B92B30004E56F2 /* Olympic GamesTests */ = {
			isa = PBXNativeTarget;
			buildConfigurationList = 3AC97D7A29B92B30004E56F2 /* Build configuration list for PBXNativeTarget "Olympic GamesTests" */;
			buildPhases = (
				3AC97D5F29B92B30004E56F2 /* Sources */,
				3AC97D6029B92B30004E56F2 /* Frameworks */,
				3AC97D6129B92B30004E56F2 /* Resources */,
			);
			buildRules = (
			);
			dependencies = (
				3AC97D6529B92B30004E56F2 /* PBXTargetDependency */,
			);
			name = "Olympic GamesTests";
			productName = "Olympic GamesTests";
			productReference = 3AC97D6329B92B30004E56F2 /* Olympic GamesTests.xctest */;
			productType = "com.apple.product-type.bundle.unit-test";
		};
		3AC97D6C29B92B30004E56F2 /* Olympic GamesUITests */ = {
			isa = PBXNativeTarget;
			buildConfigurationList = 3AC97D7D29B92B30004E56F2 /* Build configuration list for PBXNativeTarget "Olympic GamesUITests" */;
			buildPhases = (
				3AC97D6929B92B30004E56F2 /* Sources */,
				3AC97D6A29B92B30004E56F2 /* Frameworks */,
				3AC97D6B29B92B30004E56F2 /* Resources */,
			);
			buildRules = (
			);
			dependencies = (
				3AC97D6F29B92B30004E56F2 /* PBXTargetDependency */,
			);
			name = "Olympic GamesUITests";
			productName = "Olympic GamesUITests";
			productReference = 3AC97D6D29B92B30004E56F2 /* Olympic GamesUITests.xctest */;
			productType = "com.apple.product-type.bundle.ui-testing";
		};
/* End PBXNativeTarget section */

/* Begin PBXProject section */
		3AC97D4529B92B2F004E56F2 /* Project object */ = {
			isa = PBXProject;
			attributes = {
				BuildIndependentTargetsInParallel = 1;
				LastSwiftUpdateCheck = 1410;
				LastUpgradeCheck = 1410;
				TargetAttributes = {
					3AC97D4C29B92B2F004E56F2 = {
						CreatedOnToolsVersion = 14.1;
					};
					3AC97D6229B92B30004E56F2 = {
						CreatedOnToolsVersion = 14.1;
						TestTargetID = 3AC97D4C29B92B2F004E56F2;
					};
					3AC97D6C29B92B30004E56F2 = {
						CreatedOnToolsVersion = 14.1;
						TestTargetID = 3AC97D4C29B92B2F004E56F2;
					};
				};
			};
			buildConfigurationList = 3AC97D4829B92B2F004E56F2 /* Build configuration list for PBXProject "Olympic Games" */;
			compatibilityVersion = "Xcode 14.0";
			developmentRegion = en;
			hasScannedForEncodings = 0;
			knownRegions = (
				en,
				Base,
			);
			mainGroup = 3AC97D4429B92B2F004E56F2;
			productRefGroup = 3AC97D4E29B92B2F004E56F2 /* Products */;
			projectDirPath = "";
			projectRoot = "";
			targets = (
				3AC97D4C29B92B2F004E56F2 /* Olympic Games */,
				3AC97D6229B92B30004E56F2 /* Olympic GamesTests */,
				3AC97D6C29B92B30004E56F2 /* Olympic GamesUITests */,
			);
		};
/* End PBXProject section */

/* Begin PBXResourcesBuildPhase section */
		3AC97D4B29B92B2F004E56F2 /* Resources */ = {
			isa = PBXResourcesBuildPhase;
			buildActionMask = 2147483647;
			files = (
				3AC97D5D29B92B30004E56F2 /* LaunchScreen.storyboard in Resources */,
				3AC97D5A29B92B30004E56F2 /* Assets.xcassets in Resources */,
				3AC97D5829B92B2F004E56F2 /* Main.storyboard in Resources */,
			);
			runOnlyForDeploymentPostprocessing = 0;
		};
		3AC97D6129B92B30004E56F2 /* Resources */ = {
			isa = PBXResourcesBuildPhase;
			buildActionMask = 2147483647;
			files = (
			);
			runOnlyForDeploymentPostprocessing = 0;
		};
		3AC97D6B29B92B30004E56F2 /* Resources */ = {
			isa = PBXResourcesBuildPhase;
			buildActionMask = 2147483647;
			files = (
			);
			runOnlyForDeploymentPostprocessing = 0;
		};
/* End PBXResourcesBuildPhase section */

/* Begin PBXSourcesBuildPhase section */
		3AC97D4929B92B2F004E56F2 /* Sources */ = {
			isa = PBXSourcesBuildPhase;
			buildActionMask = 2147483647;
			files = (
				3AC97D5529B92B2F004E56F2 /* ViewController.swift in Sources */,
				3AC97D5129B92B2F004E56F2 /* AppDelegate.swift in Sources */,
				3AC97D5329B92B2F004E56F2 /* SceneDelegate.swift in Sources */,
			);
			runOnlyForDeploymentPostprocessing = 0;
		};
		3AC97D5F29B92B30004E56F2 /* Sources */ = {
			isa = PBXSourcesBuildPhase;
			buildActionMask = 2147483647;
			files = (
				3AC97D6829B92B30004E56F2 /* Olympic_GamesTests.swift in Sources */,
			);
			runOnlyForDeploymentPostprocessing = 0;
		};
		3AC97D6929B92B30004E56F2 /* Sources */ = {
			isa = PBXSourcesBuildPhase;
			buildActionMask = 2147483647;
			files = (
				3AC97D7429B92B30004E56F2 /* Olympic_GamesUITestsLaunchTests.swift in Sources */,
				3AC97D7229B92B30004E56F2 /* Olympic_GamesUITests.swift in Sources */,
			);
			runOnlyForDeploymentPostprocessing = 0;
		};
/* End PBXSourcesBuildPhase section */

/* Begin PBXTargetDependency section */
		3AC97D6529B92B30004E56F2 /* PBXTargetDependency */ = {
			isa = PBXTargetDependency;
			target = 3AC97D4C29B92B2F004E56F2 /* Olympic Games */;
			targetProxy = 3AC97D6429B92B30004E56F2 /* PBXContainerItemProxy */;
		};
		3AC97D6F29B92B30004E56F2 /* PBXTargetDependency */ = {
			isa = PBXTargetDependency;
			target = 3AC97D4C29B92B2F004E56F2 /* Olympic Games */;
			targetProxy = 3AC97D6E29B92B30004E56F2 /* PBXContainerItemProxy */;
		};
/* End PBXTargetDependency section */

/* Begin PBXVariantGroup section */
		3AC97D5629B92B2F004E56F2 /* Main.storyboard */ = {
			isa = PBXVariantGroup;
			children = (
				3AC97D5729B92B2F004E56F2 /* Base */,
			);
			name = Main.storyboard;
			sourceTree = "<group>";
		};
		3AC97D5B29B92B30004E56F2 /* LaunchScreen.storyboard */ = {
			isa = PBXVariantGroup;
			children = (
				3AC97D5C29B92B30004E56F2 /* Base */,
			);
			name = LaunchScreen.storyboard;
			sourceTree = "<group>";
		};
/* End PBXVariantGroup section */

/* Begin XCBuildConfiguration section */
		3AC97D7529B92B30004E56F2 /* Debug */ = {
			isa = XCBuildConfiguration;
			buildSettings = {
				ALWAYS_SEARCH_USER_PATHS = NO;
				CLANG_ANALYZER_NONNULL = YES;
				CLANG_ANALYZER_NUMBER_OBJECT_CONVERSION = YES_AGGRESSIVE;
				CLANG_CXX_LANGUAGE_STANDARD = "gnu++20";
				CLANG_ENABLE_MODULES = YES;
				CLANG_ENABLE_OBJC_ARC = YES;
				CLANG_ENABLE_OBJC_WEAK = YES;
				CLANG_WARN_BLOCK_CAPTURE_AUTORELEASING = YES;
				CLANG_WARN_BOOL_CONVERSION = YES;
				CLANG_WARN_COMMA = YES;
				CLANG_WARN_CONSTANT_CONVERSION = YES;
				CLANG_WARN_DEPRECATED_OBJC_IMPLEMENTATIONS = YES;
				CLANG_WARN_DIRECT_OBJC_ISA_USAGE = YES_ERROR;
				CLANG_WARN_DOCUMENTATION_COMMENTS = YES;
				CLANG_WARN_EMPTY_BODY = YES;
				CLANG_WARN_ENUM_CONVERSION = YES;
				CLANG_WARN_INFINITE_RECURSION = YES;
				CLANG_WARN_INT_CONVERSION = YES;
				CLANG_WARN_NON_LITERAL_NULL_CONVERSION = YES;
				CLANG_WARN_OBJC_IMPLICIT_RETAIN_SELF = YES;
				CLANG_WARN_OBJC_LITERAL_CONVERSION = YES;
				CLANG_WARN_OBJC_ROOT_CLASS = YES_ERROR;
				CLANG_WARN_QUOTED_INCLUDE_IN_FRAMEWORK_HEADER = YES;
				CLANG_WARN_RANGE_LOOP_ANALYSIS = YES;
				CLANG_WARN_STRICT_PROTOTYPES = YES;
				CLANG_WARN_SUSPICIOUS_MOVE = YES;
				CLANG_WARN_UNGUARDED_AVAILABILITY = YES_AGGRESSIVE;
				CLANG_WARN_UNREACHABLE_CODE = YES;
				CLANG_WARN__DUPLICATE_METHOD_MATCH = YES;
				COPY_PHASE_STRIP = NO;
				DEBUG_INFORMATION_FORMAT = dwarf;
				ENABLE_STRICT_OBJC_MSGSEND = YES;
				ENABLE_TESTABILITY = YES;
				GCC_C_LANGUAGE_STANDARD = gnu11;
				GCC_DYNAMIC_NO_PIC = NO;
				GCC_NO_COMMON_BLOCKS = YES;
				GCC_OPTIMIZATION_LEVEL = 0;
				GCC_PREPROCESSOR_DEFINITIONS = (
					"DEBUG=1",
					"$(inherited)",
				);
				GCC_WARN_64_TO_32_BIT_CONVERSION = YES;
				GCC_WARN_ABOUT_RETURN_TYPE = YES_ERROR;
				GCC_WARN_UNDECLARED_SELECTOR = YES;
				GCC_WARN_UNINITIALIZED_AUTOS = YES_AGGRESSIVE;
				GCC_WARN_UNUSED_FUNCTION = YES;
				GCC_WARN_UNUSED_VARIABLE = YES;
				IPHONEOS_DEPLOYMENT_TARGET = 16.1;
				MTL_ENABLE_DEBUG_INFO = INCLUDE_SOURCE;
				MTL_FAST_MATH = YES;
				ONLY_ACTIVE_ARCH = YES;
				SDKROOT = iphoneos;
				SWIFT_ACTIVE_COMPILATION_CONDITIONS = DEBUG;
				SWIFT_OPTIMIZATION_LEVEL = "-Onone";
			};
			name = Debug;
		};
		3AC97D7629B92B30004E56F2 /* Release */ = {
			isa = XCBuildConfiguration;
			buildSettings = {
				ALWAYS_SEARCH_USER_PATHS = NO;
				CLANG_ANALYZER_NONNULL = YES;
				CLANG_ANALYZER_NUMBER_OBJECT_CONVERSION = YES_AGGRESSIVE;
				CLANG_CXX_LANGUAGE_STANDARD = "gnu++20";
				CLANG_ENABLE_MODULES = YES;
				CLANG_ENABLE_OBJC_ARC = YES;
				CLANG_ENABLE_OBJC_WEAK = YES;
				CLANG_WARN_BLOCK_CAPTURE_AUTORELEASING = YES;
				CLANG_WARN_BOOL_CONVERSION = YES;
				CLANG_WARN_COMMA = YES;
				CLANG_WARN_CONSTANT_CONVERSION = YES;
				CLANG_WARN_DEPRECATED_OBJC_IMPLEMENTATIONS = YES;
				CLANG_WARN_DIRECT_OBJC_ISA_USAGE = YES_ERROR;
				CLANG_WARN_DOCUMENTATION_COMMENTS = YES;
				CLANG_WARN_EMPTY_BODY = YES;
				CLANG_WARN_ENUM_CONVERSION = YES;
				CLANG_WARN_INFINITE_RECURSION = YES;
				CLANG_WARN_INT_CONVERSION = YES;
				CLANG_WARN_NON_LITERAL_NULL_CONVERSION = YES;
				CLANG_WARN_OBJC_IMPLICIT_RETAIN_SELF = YES;
				CLANG_WARN_OBJC_LITERAL_CONVERSION = YES;
				CLANG_WARN_OBJC_ROOT_CLASS = YES_ERROR;
				CLANG_WARN_QUOTED_INCLUDE_IN_FRAMEWORK_HEADER = YES;
				CLANG_WARN_RANGE_LOOP_ANALYSIS = YES;
				CLANG_WARN_STRICT_PROTOTYPES = YES;
				CLANG_WARN_SUSPICIOUS_MOVE = YES;
				CLANG_WARN_UNGUARDED_AVAILABILITY = YES_AGGRESSIVE;
				CLANG_WARN_UNREACHABLE_CODE = YES;
				CLANG_WARN__DUPLICATE_METHOD_MATCH = YES;
				COPY_PHASE_STRIP = NO;
				DEBUG_INFORMATION_FORMAT = "dwarf-with-dsym";
				ENABLE_NS_ASSERTIONS = NO;
				ENABLE_STRICT_OBJC_MSGSEND = YES;
				GCC_C_LANGUAGE_STANDARD = gnu11;
				GCC_NO_COMMON_BLOCKS = YES;
				GCC_WARN_64_TO_32_BIT_CONVERSION = YES;
				GCC_WARN_ABOUT_RETURN_TYPE = YES_ERROR;
				GCC_WARN_UNDECLARED_SELECTOR = YES;
				GCC_WARN_UNINITIALIZED_AUTOS = YES_AGGRESSIVE;
				GCC_WARN_UNUSED_FUNCTION = YES;
				GCC_WARN_UNUSED_VARIABLE = YES;
				IPHONEOS_DEPLOYMENT_TARGET = 16.1;
				MTL_ENABLE_DEBUG_INFO = NO;
				MTL_FAST_MATH = YES;
				SDKROOT = iphoneos;
				SWIFT_COMPILATION_MODE = wholemodule;
				SWIFT_OPTIMIZATION_LEVEL = "-O";
				VALIDATE_PRODUCT = YES;
			};
			name = Release;
		};
		3AC97D7829B92B30004E56F2 /* Debug */ = {
			isa = XCBuildConfiguration;
			buildSettings = {
				ASSETCATALOG_COMPILER_APPICON_NAME = AppIcon;
				ASSETCATALOG_COMPILER_GLOBAL_ACCENT_COLOR_NAME = AccentColor;
				CODE_SIGN_STYLE = Automatic;
				CURRENT_PROJECT_VERSION = 1;
				DEVELOPMENT_TEAM = 78FDB4XPKP;
				GENERATE_INFOPLIST_FILE = YES;
				INFOPLIST_FILE = "Olympic Games/Info.plist";
				INFOPLIST_KEY_UIApplicationSupportsIndirectInputEvents = YES;
				INFOPLIST_KEY_UILaunchStoryboardName = LaunchScreen;
				INFOPLIST_KEY_UIMainStoryboardFile = Main;
				INFOPLIST_KEY_UISupportedInterfaceOrientations_iPad = "UIInterfaceOrientationPortrait UIInterfaceOrientationPortraitUpsideDown UIInterfaceOrientationLandscapeLeft UIInterfaceOrientationLandscapeRight";
				INFOPLIST_KEY_UISupportedInterfaceOrientations_iPhone = "UIInterfaceOrientationPortrait UIInterfaceOrientationLandscapeLeft UIInterfaceOrientationLandscapeRight";
				LD_RUNPATH_SEARCH_PATHS = (
					"$(inherited)",
					"@executable_path/Frameworks",
				);
				MARKETING_VERSION = 1.0;
				PRODUCT_BUNDLE_IDENTIFIER = "com.adrian.Olympic-Games";
				PRODUCT_NAME = "$(TARGET_NAME)";
				SWIFT_EMIT_LOC_STRINGS = YES;
				SWIFT_VERSION = 5.0;
				TARGETED_DEVICE_FAMILY = "1,2";
			};
			name = Debug;
		};
		3AC97D7929B92B30004E56F2 /* Release */ = {
			isa = XCBuildConfiguration;
			buildSettings = {
				ASSETCATALOG_COMPILER_APPICON_NAME = AppIcon;
				ASSETCATALOG_COMPILER_GLOBAL_ACCENT_COLOR_NAME = AccentColor;
				CODE_SIGN_STYLE = Automatic;
				CURRENT_PROJECT_VERSION = 1;
				DEVELOPMENT_TEAM = 78FDB4XPKP;
				GENERATE_INFOPLIST_FILE = YES;
				INFOPLIST_FILE = "Olympic Games/Info.plist";
				INFOPLIST_KEY_UIApplicationSupportsIndirectInputEvents = YES;
				INFOPLIST_KEY_UILaunchStoryboardName = LaunchScreen;
				INFOPLIST_KEY_UIMainStoryboardFile = Main;
				INFOPLIST_KEY_UISupportedInterfaceOrientations_iPad = "UIInterfaceOrientationPortrait UIInterfaceOrientationPortraitUpsideDown UIInterfaceOrientationLandscapeLeft UIInterfaceOrientationLandscapeRight";
				INFOPLIST_KEY_UISupportedInterfaceOrientations_iPhone = "UIInterfaceOrientationPortrait UIInterfaceOrientationLandscapeLeft UIInterfaceOrientationLandscapeRight";
				LD_RUNPATH_SEARCH_PATHS = (
					"$(inherited)",
					"@executable_path/Frameworks",
				);
				MARKETING_VERSION = 1.0;
				PRODUCT_BUNDLE_IDENTIFIER = "com.adrian.Olympic-Games";
				PRODUCT_NAME = "$(TARGET_NAME)";
				SWIFT_EMIT_LOC_STRINGS = YES;
				SWIFT_VERSION = 5.0;
				TARGETED_DEVICE_FAMILY = "1,2";
			};
			name = Release;
		};
		3AC97D7B29B92B30004E56F2 /* Debug */ = {
			isa = XCBuildConfiguration;
			buildSettings = {
				ALWAYS_EMBED_SWIFT_STANDARD_LIBRARIES = YES;
				BUNDLE_LOADER = "$(TEST_HOST)";
				CODE_SIGN_STYLE = Automatic;
				CURRENT_PROJECT_VERSION = 1;
				DEVELOPMENT_TEAM = 78FDB4XPKP;
				GENERATE_INFOPLIST_FILE = YES;
				IPHONEOS_DEPLOYMENT_TARGET = 16.1;
				MARKETING_VERSION = 1.0;
				PRODUCT_BUNDLE_IDENTIFIER = "com.adrian.Olympic-GamesTests";
				PRODUCT_NAME = "$(TARGET_NAME)";
				SWIFT_EMIT_LOC_STRINGS = NO;
				SWIFT_VERSION = 5.0;
				TARGETED_DEVICE_FAMILY = "1,2";
				TEST_HOST = "$(BUILT_PRODUCTS_DIR)/Olympic Games.app/$(BUNDLE_EXECUTABLE_FOLDER_PATH)/Olympic Games";
			};
			name = Debug;
		};
		3AC97D7C29B92B30004E56F2 /* Release */ = {
			isa = XCBuildConfiguration;
			buildSettings = {
				ALWAYS_EMBED_SWIFT_STANDARD_LIBRARIES = YES;
				BUNDLE_LOADER = "$(TEST_HOST)";
				CODE_SIGN_STYLE = Automatic;
				CURRENT_PROJECT_VERSION = 1;
				DEVELOPMENT_TEAM = 78FDB4XPKP;
				GENERATE_INFOPLIST_FILE = YES;
				IPHONEOS_DEPLOYMENT_TARGET = 16.1;
				MARKETING_VERSION = 1.0;
				PRODUCT_BUNDLE_IDENTIFIER = "com.adrian.Olympic-GamesTests";
				PRODUCT_NAME = "$(TARGET_NAME)";
				SWIFT_EMIT_LOC_STRINGS = NO;
				SWIFT_VERSION = 5.0;
				TARGETED_DEVICE_FAMILY = "1,2";
				TEST_HOST = "$(BUILT_PRODUCTS_DIR)/Olympic Games.app/$(BUNDLE_EXECUTABLE_FOLDER_PATH)/Olympic Games";
			};
			name = Release;
		};
		3AC97D7E29B92B30004E56F2 /* Debug */ = {
			isa = XCBuildConfiguration;
			buildSettings = {
				ALWAYS_EMBED_SWIFT_STANDARD_LIBRARIES = YES;
				CODE_SIGN_STYLE = Automatic;
				CURRENT_PROJECT_VERSION = 1;
				DEVELOPMENT_TEAM = 78FDB4XPKP;
				GENERATE_INFOPLIST_FILE = YES;
				MARKETING_VERSION = 1.0;
				PRODUCT_BUNDLE_IDENTIFIER = "com.adrian.Olympic-GamesUITests";
				PRODUCT_NAME = "$(TARGET_NAME)";
				SWIFT_EMIT_LOC_STRINGS = NO;
				SWIFT_VERSION = 5.0;
				TARGETED_DEVICE_FAMILY = "1,2";
				TEST_TARGET_NAME = "Olympic Games";
			};
			name = Debug;
		};
		3AC97D7F29B92B30004E56F2 /* Release */ = {
			isa = XCBuildConfiguration;
			buildSettings = {
				ALWAYS_EMBED_SWIFT_STANDARD_LIBRARIES = YES;
				CODE_SIGN_STYLE = Automatic;
				CURRENT_PROJECT_VERSION = 1;
				DEVELOPMENT_TEAM = 78FDB4XPKP;
				GENERATE_INFOPLIST_FILE = YES;
				MARKETING_VERSION = 1.0;
				PRODUCT_BUNDLE_IDENTIFIER = "com.adrian.Olympic-GamesUITests";
				PRODUCT_NAME = "$(TARGET_NAME)";
				SWIFT_EMIT_LOC_STRINGS = NO;
				SWIFT_VERSION = 5.0;
				TARGETED_DEVICE_FAMILY = "1,2";
				TEST_TARGET_NAME = "Olympic Games";
			};
			name = Release;
		};
/* End XCBuildConfiguration section */

/* Begin XCConfigurationList section */
		3AC97D4829B92B2F004E56F2 /* Build configuration list for PBXProject "Olympic Games" */ = {
			isa = XCConfigurationList;
			buildConfigurations = (
				3AC97D7529B92B30004E56F2 /* Debug */,
				3AC97D7629B92B30004E56F2 /* Release */,
			);
			defaultConfigurationIsVisible = 0;
			defaultConfigurationName = Release;
		};
		3AC97D7729B92B30004E56F2 /* Build configuration list for PBXNativeTarget "Olympic Games" */ = {
			isa = XCConfigurationList;
			buildConfigurations = (
				3AC97D7829B92B30004E56F2 /* Debug */,
				3AC97D7929B92B30004E56F2 /* Release */,
			);
			defaultConfigurationIsVisible = 0;
			defaultConfigurationName = Release;
		};
		3AC97D7A29B92B30004E56F2 /* Build configuration list for PBXNativeTarget "Olympic GamesTests" */ = {
			isa = XCConfigurationList;
			buildConfigurations = (
				3AC97D7B29B92B30004E56F2 /* Debug */,
				3AC97D7C29B92B30004E56F2 /* Release */,
			);
			defaultConfigurationIsVisible = 0;
			defaultConfigurationName = Release;
		};
		3AC97D7D29B92B30004E56F2 /* Build configuration list for PBXNativeTarget "Olympic GamesUITests" */ = {
			isa = XCConfigurationList;
			buildConfigurations = (
				3AC97D7E29B92B30004E56F2 /* Debug */,
				3AC97D7F29B92B30004E56F2 /* Release */,
			);
			defaultConfigurationIsVisible = 0;
			defaultConfigurationName = Release;
		};
/* End XCConfigurationList section */
	};
	rootObject = 3AC97D4529B92B2F004E56F2 /* Project object */;
}
